{
	"name": "zhlint-server",
	"version": "2.1.25",
	"lockfileVersion": 2,
	"requires": true,
	"packages": {
		"": {
			"name": "zhlint-server",
			"version": "2.1.25",
			"license": "MIT",
			"dependencies": {
				"vscode-languageserver": "8.0.0-next.3",
				"vscode-languageserver-textdocument": "1.0.2",
				"vscode-uri": "^3.0.2"
			},
			"engines": {
				"node": "*"
			}
		},
		"node_modules/vscode-jsonrpc": {
			"version": "8.0.0-next.3",
			"resolved": "https://registry.npmmirror.com/vscode-jsonrpc/download/vscode-jsonrpc-8.0.0-next.3.tgz?cache=0&sync_timestamp=1633678770274&other_urls=https%3A%2F%2Fregistry.npmmirror.com%2Fvscode-jsonrpc%2Fdownload%2Fvscode-jsonrpc-8.0.0-next.3.tgz",
			"integrity": "sha1-tV7f8OVQsD84BKreRKyiaZryclU=",
			"license": "MIT",
			"engines": {
				"node": ">=8.0.0 || >=10.0.0"
			}
		},
		"node_modules/vscode-languageserver": {
			"version": "8.0.0-next.3",
			"resolved": "https://registry.npmmirror.com/vscode-languageserver/download/vscode-languageserver-8.0.0-next.3.tgz",
			"integrity": "sha1-NscBpoROwmlQVTnjuEo3aTdgpS8=",
			"license": "MIT",
			"dependencies": {
				"vscode-languageserver-protocol": "3.17.0-next.9"
			},
			"bin": {
				"installServerIntoExtension": "bin/installServerIntoExtension"
			}
		},
		"node_modules/vscode-languageserver-protocol": {
			"version": "3.17.0-next.9",
			"resolved": "https://registry.npmmirror.com/vscode-languageserver-protocol/download/vscode-languageserver-protocol-3.17.0-next.9.tgz",
			"integrity": "sha1-D9StQ2EclqzYPY2Zjb52Zo9g5gQ=",
			"license": "MIT",
			"dependencies": {
				"vscode-jsonrpc": "8.0.0-next.3",
				"vscode-languageserver-types": "3.17.0-next.4"
			}
		},
		"node_modules/vscode-languageserver-textdocument": {
			"version": "1.0.2",
			"resolved": "https://registry.npmmirror.com/vscode-languageserver-textdocument/download/vscode-languageserver-textdocument-1.0.2.tgz?cache=0&sync_timestamp=1633677962746&other_urls=https%3A%2F%2Fregistry.npmmirror.com%2Fvscode-languageserver-textdocument%2Fdownload%2Fvscode-languageserver-textdocument-1.0.2.tgz",
			"integrity": "sha1-L59r1bXrPY4hQkwMNnAJIW8BYjY=",
			"license": "MIT"
		},
		"node_modules/vscode-languageserver-types": {
			"version": "3.17.0-next.4",
			"resolved": "https://registry.npmmirror.com/vscode-languageserver-types/download/vscode-languageserver-types-3.17.0-next.4.tgz?cache=0&sync_timestamp=1633677962429&other_urls=https%3A%2F%2Fregistry.npmmirror.com%2Fvscode-languageserver-types%2Fdownload%2Fvscode-languageserver-types-3.17.0-next.4.tgz",
			"integrity": "sha1-9niLN17BY9qLOB8vPj9UfLx/vuw=",
			"license": "MIT"
		},
		"node_modules/vscode-uri": {
			"version": "3.0.2",
			"resolved": "https://registry.npm.taobao.org/vscode-uri/download/vscode-uri-3.0.2.tgz?cache=0&sync_timestamp=1609832447426&other_urls=https%3A%2F%2Fregistry.npm.taobao.org%2Fvscode-uri%2Fdownload%2Fvscode-uri-3.0.2.tgz",
			"integrity": "sha1-7P0dBmy470w6II3s26uajCPQVdA="
		}
	},
	"dependencies": {
		"vscode-jsonrpc": {
			"version": "8.0.0-next.3",
			"resolved": "https://registry.npmmirror.com/vscode-jsonrpc/download/vscode-jsonrpc-8.0.0-next.3.tgz?cache=0&sync_timestamp=1633678770274&other_urls=https%3A%2F%2Fregistry.npmmirror.com%2Fvscode-jsonrpc%2Fdownload%2Fvscode-jsonrpc-8.0.0-next.3.tgz",
			"integrity": "sha1-tV7f8OVQsD84BKreRKyiaZryclU="
		},
		"vscode-languageserver": {
			"version": "8.0.0-next.3",
			"resolved": "https://registry.npmmirror.com/vscode-languageserver/download/vscode-languageserver-8.0.0-next.3.tgz",
			"integrity": "sha1-NscBpoROwmlQVTnjuEo3aTdgpS8=",
			"requires": {
				"vscode-languageserver-protocol": "3.17.0-next.9"
			}
		},
		"vscode-languageserver-protocol": {
			"version": "3.17.0-next.9",
			"resolved": "https://registry.npmmirror.com/vscode-languageserver-protocol/download/vscode-languageserver-protocol-3.17.0-next.9.tgz",
			"integrity": "sha1-D9StQ2EclqzYPY2Zjb52Zo9g5gQ=",
			"requires": {
				"vscode-jsonrpc": "8.0.0-next.3",
				"vscode-languageserver-types": "3.17.0-next.4"
			}
		},
		"vscode-languageserver-textdocument": {
			"version": "1.0.2",
			"resolved": "https://registry.npmmirror.com/vscode-languageserver-textdocument/download/vscode-languageserver-textdocument-1.0.2.tgz?cache=0&sync_timestamp=1633677962746&other_urls=https%3A%2F%2Fregistry.npmmirror.com%2Fvscode-languageserver-textdocument%2Fdownload%2Fvscode-languageserver-textdocument-1.0.2.tgz",
			"integrity": "sha1-L59r1bXrPY4hQkwMNnAJIW8BYjY="
		},
		"vscode-languageserver-types": {
			"version": "3.17.0-next.4",
			"resolved": "https://registry.npmmirror.com/vscode-languageserver-types/download/vscode-languageserver-types-3.17.0-next.4.tgz?cache=0&sync_timestamp=1633677962429&other_urls=https%3A%2F%2Fregistry.npmmirror.com%2Fvscode-languageserver-types%2Fdownload%2Fvscode-languageserver-types-3.17.0-next.4.tgz",
			"integrity": "sha1-9niLN17BY9qLOB8vPj9UfLx/vuw="
		},
		"vscode-uri": {
			"version": "3.0.2",
			"resolved": "https://registry.npm.taobao.org/vscode-uri/download/vscode-uri-3.0.2.tgz?cache=0&sync_timestamp=1609832447426&other_urls=https%3A%2F%2Fregistry.npm.taobao.org%2Fvscode-uri%2Fdownload%2Fvscode-uri-3.0.2.tgz",
			"integrity": "sha1-7P0dBmy470w6II3s26uajCPQVdA="
		}
	}
}
